
Microsoft Visual Studio Solution File, Format Version 12.00
# Visual Studio Version 17
VisualStudioVersion = 17.4.33020.496
MinimumVisualStudioVersion = 10.0.40219.1
Project("{FAE04EC0-301F-11D3-BF4B-00C04F79EFBC}") = "POP.DeviceCore", "POP.DeviceCore\POP.DeviceCore.csproj", "{926B7C44-15F1-47B7-840D-384D7E4E3392}"
EndProject
Global
	GlobalSection(SolutionConfigurationPlatforms) = preSolution
		Debug|Any CPU = Debug|Any CPU
		Release|Any CPU = Release|Any CPU
	EndGlobalSection
	GlobalSection(ProjectConfigurationPlatforms) = postSolution
		{926B7C44-15F1-47B7-840D-384D7E4E3392}.Debug|Any CPU.ActiveCfg = Debug|Any CPU
		{926B7C44-15F1-47B7-840D-384D7E4E3392}.Debug|Any CPU.Build.0 = Debug|Any CPU
		{926B7C44-15F1-47B7-840D-384D7E4E3392}.Release|Any CPU.ActiveCfg = Release|Any CPU
		{926B7C44-15F1-47B7-840D-384D7E4E3392}.Release|Any CPU.Build.0 = Release|Any CPU
	EndGlobalSection
	GlobalSection(SolutionProperties) = preSolution
		HideSolutionNode = FALSE
	EndGlobalSection
	GlobalSection(ExtensibilityGlobals) = postSolution
		SolutionGuid = {3C21B11B-E361-4398-B7E5-EA760B708BC2}
	EndGlobalSection
EndGlobal
